
Microsoft Visual Studio Solution File, Format Version 12.00
# Visual Studio 15
Project("{FAE04EC0-301F-11D3-BF4B-00C04F79EFBC}") = "Assembly-CSharp", "Assembly-CSharp.csproj", "{5FC31D66-3BB4-A520-576D-6F4894EFEFDB}"
EndProject
Project("{FAE04EC0-301F-11D3-BF4B-00C04F79EFBC}") = "Assembly-CSharp-Editor", "Assembly-CSharp-Editor.csproj", "{A76555E1-BBA4-3550-9A37-44B303A68123}"
EndProject
Global
	GlobalSection(SolutionConfigurationPlatforms) = preSolution
		Debug|Any CPU = Debug|Any CPU
		Release|Any CPU = Release|Any CPU
	EndGlobalSection
	GlobalSection(ProjectConfigurationPlatforms) = postSolution
		{5FC31D66-3BB4-A520-576D-6F4894EFEFDB}.Debug|Any CPU.ActiveCfg = Debug|Any CPU
		{5FC31D66-3BB4-A520-576D-6F4894EFEFDB}.Debug|Any CPU.Build.0 = Debug|Any CPU
		{5FC31D66-3BB4-A520-576D-6F4894EFEFDB}.Release|Any CPU.ActiveCfg = Release|Any CPU
		{5FC31D66-3BB4-A520-576D-6F4894EFEFDB}.Release|Any CPU.Build.0 = Release|Any CPU
		{A76555E1-BBA4-3550-9A37-44B303A68123}.Debug|Any CPU.ActiveCfg = Debug|Any CPU
		{A76555E1-BBA4-3550-9A37-44B303A68123}.Debug|Any CPU.Build.0 = Debug|Any CPU
		{A76555E1-BBA4-3550-9A37-44B303A68123}.Release|Any CPU.ActiveCfg = Release|Any CPU
		{A76555E1-BBA4-3550-9A37-44B303A68123}.Release|Any CPU.Build.0 = Release|Any CPU
	EndGlobalSection
	GlobalSection(SolutionProperties) = preSolution
		HideSolutionNode = FALSE
	EndGlobalSection
EndGlobal
